
Microsoft Visual Studio Solution File, Format Version 12.00
# Visual Studio 15
Project("{FAE04EC0-301F-11D3-BF4B-00C04F79EFBC}") = "Base_Data_Classes", "Base_Data_Classes\Base_Data_Classes.csproj", "{4C8E0742-AB4C-4C9C-977B-771441204A99}"
EndProject
Project("{9344BDBB-3E7F-41FC-A0DD-8665D75EE146}") = "Quick_Docs", "..\docs\Quick_Docs\Quick_Docs.mdproj", "{4E003934-66B0-46D9-B5BB-ADFE23536C37}"
EndProject
Project("{FAE04EC0-301F-11D3-BF4B-00C04F79EFBC}") = "SCAPP_Launcher_Lib", "SCAPP_Launcher_Lib\SCAPP_Launcher_Lib.csproj", "{7A2355B5-2E7B-4768-BF18-8D9E98627F94}"
EndProject
Project("{FAE04EC0-301F-11D3-BF4B-00C04F79EFBC}") = "SCAPP_Client_Lib", "SCAPP_Client_Lib\SCAPP_Client_Lib.csproj", "{334A04B5-42C9-4984-84BF-3234E1AA49E7}"
EndProject
Global
	GlobalSection(SolutionConfigurationPlatforms) = preSolution
		Debug|Any CPU = Debug|Any CPU
		Release|Any CPU = Release|Any CPU
		Default|Any CPU = Default|Any CPU
	EndGlobalSection
	GlobalSection(ProjectConfigurationPlatforms) = postSolution
		{4C8E0742-AB4C-4C9C-977B-771441204A99}.Debug|Any CPU.ActiveCfg = Debug|Any CPU
		{4C8E0742-AB4C-4C9C-977B-771441204A99}.Debug|Any CPU.Build.0 = Debug|Any CPU
		{4C8E0742-AB4C-4C9C-977B-771441204A99}.Release|Any CPU.ActiveCfg = Release|Any CPU
		{4C8E0742-AB4C-4C9C-977B-771441204A99}.Release|Any CPU.Build.0 = Release|Any CPU
		{4C8E0742-AB4C-4C9C-977B-771441204A99}.Default|Any CPU.ActiveCfg = Debug|Any CPU
		{4C8E0742-AB4C-4C9C-977B-771441204A99}.Default|Any CPU.Build.0 = Debug|Any CPU
		{4E003934-66B0-46D9-B5BB-ADFE23536C37}.Debug|Any CPU.ActiveCfg = Default|Any CPU
		{4E003934-66B0-46D9-B5BB-ADFE23536C37}.Debug|Any CPU.Build.0 = Default|Any CPU
		{4E003934-66B0-46D9-B5BB-ADFE23536C37}.Release|Any CPU.ActiveCfg = Default|Any CPU
		{4E003934-66B0-46D9-B5BB-ADFE23536C37}.Release|Any CPU.Build.0 = Default|Any CPU
		{4E003934-66B0-46D9-B5BB-ADFE23536C37}.Default|Any CPU.ActiveCfg = Default|Any CPU
		{4E003934-66B0-46D9-B5BB-ADFE23536C37}.Default|Any CPU.Build.0 = Default|Any CPU
		{7A2355B5-2E7B-4768-BF18-8D9E98627F94}.Debug|Any CPU.ActiveCfg = Debug|Any CPU
		{7A2355B5-2E7B-4768-BF18-8D9E98627F94}.Debug|Any CPU.Build.0 = Debug|Any CPU
		{7A2355B5-2E7B-4768-BF18-8D9E98627F94}.Release|Any CPU.ActiveCfg = Release|Any CPU
		{7A2355B5-2E7B-4768-BF18-8D9E98627F94}.Release|Any CPU.Build.0 = Release|Any CPU
		{7A2355B5-2E7B-4768-BF18-8D9E98627F94}.Default|Any CPU.ActiveCfg = Debug|Any CPU
		{7A2355B5-2E7B-4768-BF18-8D9E98627F94}.Default|Any CPU.Build.0 = Debug|Any CPU
		{334A04B5-42C9-4984-84BF-3234E1AA49E7}.Debug|Any CPU.ActiveCfg = Debug|Any CPU
		{334A04B5-42C9-4984-84BF-3234E1AA49E7}.Debug|Any CPU.Build.0 = Debug|Any CPU
		{334A04B5-42C9-4984-84BF-3234E1AA49E7}.Release|Any CPU.ActiveCfg = Release|Any CPU
		{334A04B5-42C9-4984-84BF-3234E1AA49E7}.Release|Any CPU.Build.0 = Release|Any CPU
		{334A04B5-42C9-4984-84BF-3234E1AA49E7}.Default|Any CPU.ActiveCfg = Debug|Any CPU
		{334A04B5-42C9-4984-84BF-3234E1AA49E7}.Default|Any CPU.Build.0 = Debug|Any CPU
	EndGlobalSection
EndGlobal
